
Microsoft Visual Studio Solution File, Format Version 12.00
# Visual Studio Version 16
VisualStudioVersion = 16.0.31702.278
MinimumVisualStudioVersion = 10.0.40219.1
Project("{FAE04EC0-301F-11D3-BF4B-00C04F79EFBC}") = "pz_5", "pz_5\pz_5.csproj", "{9159CA40-4ADD-4A40-92D2-3A892E06D897}"
EndProject
Global
	GlobalSection(SolutionConfigurationPlatforms) = preSolution
		Debug|Any CPU = Debug|Any CPU
		Release|Any CPU = Release|Any CPU
	EndGlobalSection
	GlobalSection(ProjectConfigurationPlatforms) = postSolution
		{9159CA40-4ADD-4A40-92D2-3A892E06D897}.Debug|Any CPU.ActiveCfg = Debug|Any CPU
		{9159CA40-4ADD-4A40-92D2-3A892E06D897}.Debug|Any CPU.Build.0 = Debug|Any CPU
		{9159CA40-4ADD-4A40-92D2-3A892E06D897}.Release|Any CPU.ActiveCfg = Release|Any CPU
		{9159CA40-4ADD-4A40-92D2-3A892E06D897}.Release|Any CPU.Build.0 = Release|Any CPU
	EndGlobalSection
	GlobalSection(SolutionProperties) = preSolution
		HideSolutionNode = FALSE
	EndGlobalSection
	GlobalSection(ExtensibilityGlobals) = postSolution
		SolutionGuid = {828B52BD-83FF-4CED-853D-1D5A95801460}
	EndGlobalSection
EndGlobal
