
Microsoft Visual Studio Solution File, Format Version 12.00
# Visual Studio Version 16
VisualStudioVersion = 16.0.31702.278
MinimumVisualStudioVersion = 10.0.40219.1
Project("{FAE04EC0-301F-11D3-BF4B-00C04F79EFBC}") = "ConsoleApp25", "ConsoleApp25\ConsoleApp25.csproj", "{D28133C7-CDB4-4F0F-A0AC-F02FE5096492}"
EndProject
Global
	GlobalSection(SolutionConfigurationPlatforms) = preSolution
		Debug|Any CPU = Debug|Any CPU
		Release|Any CPU = Release|Any CPU
	EndGlobalSection
	GlobalSection(ProjectConfigurationPlatforms) = postSolution
		{D28133C7-CDB4-4F0F-A0AC-F02FE5096492}.Debug|Any CPU.ActiveCfg = Debug|Any CPU
		{D28133C7-CDB4-4F0F-A0AC-F02FE5096492}.Debug|Any CPU.Build.0 = Debug|Any CPU
		{D28133C7-CDB4-4F0F-A0AC-F02FE5096492}.Release|Any CPU.ActiveCfg = Release|Any CPU
		{D28133C7-CDB4-4F0F-A0AC-F02FE5096492}.Release|Any CPU.Build.0 = Release|Any CPU
	EndGlobalSection
	GlobalSection(SolutionProperties) = preSolution
		HideSolutionNode = FALSE
	EndGlobalSection
	GlobalSection(ExtensibilityGlobals) = postSolution
		SolutionGuid = {B0F9EB3D-583E-4DCA-A852-7821BB18B5F6}
	EndGlobalSection
EndGlobal
